
Microsoft Visual Studio Solution File, Format Version 12.00
# Visual Studio Version 17
VisualStudioVersion = 17.2.32526.322
MinimumVisualStudioVersion = 10.0.40219.1
Project("{9A19103F-16F7-4668-BE54-9A1E7A4F7556}") = "FinalBookStore.Api", "FinalBookStore.Api\FinalBookStore.Api.csproj", "{0AA0A528-04A3-4847-9BDC-421DDBB767BF}"
EndProject
Project("{FAE04EC0-301F-11D3-BF4B-00C04F79EFBC}") = "BookStore.Repository", "BookStore.Repository\BookStore.Repository.csproj", "{02879121-BFF0-433C-A30C-A6C8FDADC41D}"
EndProject
Project("{FAE04EC0-301F-11D3-BF4B-00C04F79EFBC}") = "BookStore.Models", "BookStore.Models\BookStore.Models.csproj", "{264B3FF9-D38E-469E-9190-61FEF40F75E7}"
EndProject
Global
	GlobalSection(SolutionConfigurationPlatforms) = preSolution
		Debug|Any CPU = Debug|Any CPU
		Release|Any CPU = Release|Any CPU
	EndGlobalSection
	GlobalSection(ProjectConfigurationPlatforms) = postSolution
		{0AA0A528-04A3-4847-9BDC-421DDBB767BF}.Debug|Any CPU.ActiveCfg = Debug|Any CPU
		{0AA0A528-04A3-4847-9BDC-421DDBB767BF}.Debug|Any CPU.Build.0 = Debug|Any CPU
		{0AA0A528-04A3-4847-9BDC-421DDBB767BF}.Release|Any CPU.ActiveCfg = Release|Any CPU
		{0AA0A528-04A3-4847-9BDC-421DDBB767BF}.Release|Any CPU.Build.0 = Release|Any CPU
		{02879121-BFF0-433C-A30C-A6C8FDADC41D}.Debug|Any CPU.ActiveCfg = Debug|Any CPU
		{02879121-BFF0-433C-A30C-A6C8FDADC41D}.Debug|Any CPU.Build.0 = Debug|Any CPU
		{02879121-BFF0-433C-A30C-A6C8FDADC41D}.Release|Any CPU.ActiveCfg = Release|Any CPU
		{02879121-BFF0-433C-A30C-A6C8FDADC41D}.Release|Any CPU.Build.0 = Release|Any CPU
		{264B3FF9-D38E-469E-9190-61FEF40F75E7}.Debug|Any CPU.ActiveCfg = Debug|Any CPU
		{264B3FF9-D38E-469E-9190-61FEF40F75E7}.Debug|Any CPU.Build.0 = Debug|Any CPU
		{264B3FF9-D38E-469E-9190-61FEF40F75E7}.Release|Any CPU.ActiveCfg = Release|Any CPU
		{264B3FF9-D38E-469E-9190-61FEF40F75E7}.Release|Any CPU.Build.0 = Release|Any CPU
	EndGlobalSection
	GlobalSection(SolutionProperties) = preSolution
		HideSolutionNode = FALSE
	EndGlobalSection
	GlobalSection(ExtensibilityGlobals) = postSolution
		SolutionGuid = {DC32005A-CCAA-46F1-A3F7-8DE9EDD50080}
	EndGlobalSection
EndGlobal
